
Microsoft Visual Studio Solution File, Format Version 12.00
# Visual Studio Version 17
VisualStudioVersion = 17.6.33829.357
MinimumVisualStudioVersion = 10.0.40219.1
Project("{FAE04EC0-301F-11D3-BF4B-00C04F79EFBC}") = "BookStore", "BookStore\BookStore.csproj", "{59EFDBE3-70A2-4013-AA2A-D839C1F73DBC}"
EndProject
Project("{FAE04EC0-301F-11D3-BF4B-00C04F79EFBC}") = "BookStoreTest", "BookStoreTest\BookStoreTest.csproj", "{BEBEB8C1-7136-4CE8-8B85-0B2C611DD726}"
EndProject
Project("{FAE04EC0-301F-11D3-BF4B-00C04F79EFBC}") = "BookStoreConsole", "BookStoreConsole\BookStoreConsole.csproj", "{5354E8F3-13BF-4110-8987-7F85050AFCD2}"
EndProject
Global
	GlobalSection(SolutionConfigurationPlatforms) = preSolution
		Debug|Any CPU = Debug|Any CPU
		Release|Any CPU = Release|Any CPU
	EndGlobalSection
	GlobalSection(ProjectConfigurationPlatforms) = postSolution
		{59EFDBE3-70A2-4013-AA2A-D839C1F73DBC}.Debug|Any CPU.ActiveCfg = Debug|Any CPU
		{59EFDBE3-70A2-4013-AA2A-D839C1F73DBC}.Debug|Any CPU.Build.0 = Debug|Any CPU
		{59EFDBE3-70A2-4013-AA2A-D839C1F73DBC}.Release|Any CPU.ActiveCfg = Release|Any CPU
		{59EFDBE3-70A2-4013-AA2A-D839C1F73DBC}.Release|Any CPU.Build.0 = Release|Any CPU
		{BEBEB8C1-7136-4CE8-8B85-0B2C611DD726}.Debug|Any CPU.ActiveCfg = Debug|Any CPU
		{BEBEB8C1-7136-4CE8-8B85-0B2C611DD726}.Debug|Any CPU.Build.0 = Debug|Any CPU
		{BEBEB8C1-7136-4CE8-8B85-0B2C611DD726}.Release|Any CPU.ActiveCfg = Release|Any CPU
		{BEBEB8C1-7136-4CE8-8B85-0B2C611DD726}.Release|Any CPU.Build.0 = Release|Any CPU
		{5354E8F3-13BF-4110-8987-7F85050AFCD2}.Debug|Any CPU.ActiveCfg = Debug|Any CPU
		{5354E8F3-13BF-4110-8987-7F85050AFCD2}.Debug|Any CPU.Build.0 = Debug|Any CPU
		{5354E8F3-13BF-4110-8987-7F85050AFCD2}.Release|Any CPU.ActiveCfg = Release|Any CPU
		{5354E8F3-13BF-4110-8987-7F85050AFCD2}.Release|Any CPU.Build.0 = Release|Any CPU
	EndGlobalSection
	GlobalSection(SolutionProperties) = preSolution
		HideSolutionNode = FALSE
	EndGlobalSection
	GlobalSection(ExtensibilityGlobals) = postSolution
		SolutionGuid = {D3118003-ECFB-4857-B2C5-E1558654D4A8}
	EndGlobalSection
EndGlobal
